
Microsoft Visual Studio Solution File, Format Version 12.00
# Visual Studio Version 17
VisualStudioVersion = 17.3.32811.315
MinimumVisualStudioVersion = 10.0.40219.1
Project("{FAE04EC0-301F-11D3-BF4B-00C04F79EFBC}") = "Arryli", "Arryli.csproj", "{AF236A45-9C40-47F4-A9D3-87A38978974A}"
EndProject
Global
	GlobalSection(SolutionConfigurationPlatforms) = preSolution
		Debug|Any CPU = Debug|Any CPU
		Release|Any CPU = Release|Any CPU
	EndGlobalSection
	GlobalSection(ProjectConfigurationPlatforms) = postSolution
		{AF236A45-9C40-47F4-A9D3-87A38978974A}.Debug|Any CPU.ActiveCfg = Debug|Any CPU
		{AF236A45-9C40-47F4-A9D3-87A38978974A}.Debug|Any CPU.Build.0 = Debug|Any CPU
		{AF236A45-9C40-47F4-A9D3-87A38978974A}.Release|Any CPU.ActiveCfg = Release|Any CPU
		{AF236A45-9C40-47F4-A9D3-87A38978974A}.Release|Any CPU.Build.0 = Release|Any CPU
	EndGlobalSection
	GlobalSection(SolutionProperties) = preSolution
		HideSolutionNode = FALSE
	EndGlobalSection
	GlobalSection(ExtensibilityGlobals) = postSolution
		SolutionGuid = {A2A8CC6B-0CA0-4D4F-81B3-093B02DC1341}
	EndGlobalSection
EndGlobal
