
Microsoft Visual Studio Solution File, Format Version 12.00
# Visual Studio Version 17
VisualStudioVersion = 17.3.32811.315
MinimumVisualStudioVersion = 10.0.40219.1
Project("{FAE04EC0-301F-11D3-BF4B-00C04F79EFBC}") = "arry", "arry.csproj", "{81074280-0EE4-4CAA-BBB8-37AC45A2B313}"
EndProject
Global
	GlobalSection(SolutionConfigurationPlatforms) = preSolution
		Debug|Any CPU = Debug|Any CPU
		Release|Any CPU = Release|Any CPU
	EndGlobalSection
	GlobalSection(ProjectConfigurationPlatforms) = postSolution
		{81074280-0EE4-4CAA-BBB8-37AC45A2B313}.Debug|Any CPU.ActiveCfg = Debug|Any CPU
		{81074280-0EE4-4CAA-BBB8-37AC45A2B313}.Debug|Any CPU.Build.0 = Debug|Any CPU
		{81074280-0EE4-4CAA-BBB8-37AC45A2B313}.Release|Any CPU.ActiveCfg = Release|Any CPU
		{81074280-0EE4-4CAA-BBB8-37AC45A2B313}.Release|Any CPU.Build.0 = Release|Any CPU
	EndGlobalSection
	GlobalSection(SolutionProperties) = preSolution
		HideSolutionNode = FALSE
	EndGlobalSection
	GlobalSection(ExtensibilityGlobals) = postSolution
		SolutionGuid = {7A355CB5-9430-41E5-9FCD-DD632D0EC12E}
	EndGlobalSection
EndGlobal
